dependencies:
  espressif/esp-modbus:
    component_hash: ec567c912fbd8b08648ba72b5562df012482584918fb4af670e57025fc30ea42
    source:
      service_url: https://api.components.espressif.com/
      type: service
    version: 1.0.15
  idf:
    component_hash: null
    source:
      type: idf
    version: 5.1.4
manifest_hash: 1f2a6ce85a2cee59bd3105bb48a5c8beae65b4df2e595212c343bb77cac67f70
target: esp32s2
version: 1.0.0
